// !$*UTF8*$!
{
	archiveVersion = 1;
	classes = {
	};
	objectVersion = 56;
	objects = {

/* Begin PBXBuildFile section */
		8322276C2AFE0FD1005FEB98 /* BeerTableView.swift in Sources */ = {isa = PBXBuildFile; fileRef = 8322276B2AFE0FD1005FEB98 /* BeerTableView.swift */; };
		836249BD2AF583990049FD01 /* BeerDTO.swift in Sources */ = {isa = PBXBuildFile; fileRef = 836249BC2AF583990049FD01 /* BeerDTO.swift */; };
		836249BF2AF583C10049FD01 /* BeerService.swift in Sources */ = {isa = PBXBuildFile; fileRef = 836249BE2AF583C10049FD01 /* BeerService.swift */; };
		836249C12AF593E10049FD01 /* BeerTableManager.swift in Sources */ = {isa = PBXBuildFile; fileRef = 836249C02AF593E10049FD01 /* BeerTableManager.swift */; };
		83F4ADA82ACB346C00FB3BB8 /* AppDelegate.swift in Sources */ = {isa = PBXBuildFile; fileRef = 83F4ADA72ACB346C00FB3BB8 /* AppDelegate.swift */; };
		83F4ADAA2ACB346C00FB3BB8 /* SceneDelegate.swift in Sources */ = {isa = PBXBuildFile; fileRef = 83F4ADA92ACB346C00FB3BB8 /* SceneDelegate.swift */; };
		83F4ADAC2ACB346C00FB3BB8 /* ViewController.swift in Sources */ = {isa = PBXBuildFile; fileRef = 83F4ADAB2ACB346C00FB3BB8 /* ViewController.swift */; };
		83F4ADB12ACB346D00FB3BB8 /* Assets.xcassets in Resources */ = {isa = PBXBuildFile; fileRef = 83F4ADB02ACB346D00FB3BB8 /* Assets.xcassets */; };
		83F4ADB42ACB346D00FB3BB8 /* LaunchScreen.storyboard in Resources */ = {isa = PBXBuildFile; fileRef = 83F4ADB22ACB346D00FB3BB8 /* LaunchScreen.storyboard */; };
		83F4ADBF2ACB346D00FB3BB8 /* test_iosTests.swift in Sources */ = {isa = PBXBuildFile; fileRef = 83F4ADBE2ACB346D00FB3BB8 /* test_iosTests.swift */; };
		83F4ADC92ACB346D00FB3BB8 /* test_iosUITests.swift in Sources */ = {isa = PBXBuildFile; fileRef = 83F4ADC82ACB346D00FB3BB8 /* test_iosUITests.swift */; };
		83F4ADCB2ACB346D00FB3BB8 /* test_iosUITestsLaunchTests.swift in Sources */ = {isa = PBXBuildFile; fileRef = 83F4ADCA2ACB346D00FB3BB8 /* test_iosUITestsLaunchTests.swift */; };
/* End PBXBuildFile section */

/* Begin PBXContainerItemProxy section */
		83F4ADBB2ACB346D00FB3BB8 /* PBXContainerItemProxy */ = {
			isa = PBXContainerItemProxy;
			containerPortal = 83F4AD9C2ACB346C00FB3BB8 /* Project object */;
			proxyType = 1;
			remoteGlobalIDString = 83F4ADA32ACB346C00FB3BB8;
			remoteInfo = test_ios;
		};
		83F4ADC52ACB346D00FB3BB8 /* PBXContainerItemProxy */ = {
			isa = PBXContainerItemProxy;
			containerPortal = 83F4AD9C2ACB346C00FB3BB8 /* Project object */;
			proxyType = 1;
			remoteGlobalIDString = 83F4ADA32ACB346C00FB3BB8;
			remoteInfo = test_ios;
		};
/* End PBXContainerItemProxy section */

/* Begin PBXFileReference section */
		8322276B2AFE0FD1005FEB98 /* BeerTableView.swift */ = {isa = PBXFileReference; lastKnownFileType = sourcecode.swift; path = BeerTableView.swift; sourceTree = "<group>"; };
		836249BC2AF583990049FD01 /* BeerDTO.swift */ = {isa = PBXFileReference; lastKnownFileType = sourcecode.swift; path = BeerDTO.swift; sourceTree = "<group>"; };
		836249BE2AF583C10049FD01 /* BeerService.swift */ = {isa = PBXFileReference; lastKnownFileType = sourcecode.swift; path = BeerService.swift; sourceTree = "<group>"; };
		836249C02AF593E10049FD01 /* BeerTableManager.swift */ = {isa = PBXFileReference; lastKnownFileType = sourcecode.swift; path = BeerTableManager.swift; sourceTree = "<group>"; };
		83F4ADA42ACB346C00FB3BB8 /* test_ios.app */ = {isa = PBXFileReference; explicitFileType = wrapper.application; includeInIndex = 0; path = test_ios.app; sourceTree = BUILT_PRODUCTS_DIR; };
		83F4ADA72ACB346C00FB3BB8 /* AppDelegate.swift */ = {isa = PBXFileReference; lastKnownFileType = sourcecode.swift; path = AppDelegate.swift; sourceTree = "<group>"; };
		83F4ADA92ACB346C00FB3BB8 /* SceneDelegate.swift */ = {isa = PBXFileReference; lastKnownFileType = sourcecode.swift; path = SceneDelegate.swift; sourceTree = "<group>"; };
		83F4ADAB2ACB346C00FB3BB8 /* ViewController.swift */ = {isa = PBXFileReference; lastKnownFileType = sourcecode.swift; path = ViewController.swift; sourceTree = "<group>"; };
		83F4ADB02ACB346D00FB3BB8 /* Assets.xcassets */ = {isa = PBXFileReference; lastKnownFileType = folder.assetcatalog; path = Assets.xcassets; sourceTree = "<group>"; };
		83F4ADB32ACB346D00FB3BB8 /* Base */ = {isa = PBXFileReference; lastKnownFileType = file.storyboard; name = Base; path = Base.lproj/LaunchScreen.storyboard; sourceTree = "<group>"; };
		83F4ADB52ACB346D00FB3BB8 /* Info.plist */ = {isa = PBXFileReference; lastKnownFileType = text.plist.xml; path = Info.plist; sourceTree = "<group>"; };
		83F4ADBA2ACB346D00FB3BB8 /* test_iosTests.xctest */ = {isa = PBXFileReference; explicitFileType = wrapper.cfbundle; includeInIndex = 0; path = test_iosTests.xctest; sourceTree = BUILT_PRODUCTS_DIR; };
		83F4ADBE2ACB346D00FB3BB8 /* test_iosTests.swift */ = {isa = PBXFileReference; lastKnownFileType = sourcecode.swift; path = test_iosTests.swift; sourceTree = "<group>"; };
		83F4ADC42ACB346D00FB3BB8 /* test_iosUITests.xctest */ = {isa = PBXFileReference; explicitFileType = wrapper.cfbundle; includeInIndex = 0; path = test_iosUITests.xctest; sourceTree = BUILT_PRODUCTS_DIR; };
		83F4ADC82ACB346D00FB3BB8 /* test_iosUITests.swift */ = {isa = PBXFileReference; lastKnownFileType = sourcecode.swift; path = test_iosUITests.swift; sourceTree = "<group>"; };
		83F4ADCA2ACB346D00FB3BB8 /* test_iosUITestsLaunchTests.swift */ = {isa = PBXFileReference; lastKnownFileType = sourcecode.swift; path = test_iosUITestsLaunchTests.swift; sourceTree = "<group>"; };
/* End PBXFileReference section */

/* Begin PBXFrameworksBuildPhase section */
		83F4ADA12ACB346C00FB3BB8 /* Frameworks */ = {
			isa = PBXFrameworksBuildPhase;
			buildActionMask = 2147483647;
			files = (
			);
			runOnlyForDeploymentPostprocessing = 0;
		};
		83F4ADB72ACB346D00FB3BB8 /* Frameworks */ = {
			isa = PBXFrameworksBuildPhase;
			buildActionMask = 2147483647;
			files = (
			);
			runOnlyForDeploymentPostprocessing = 0;
		};
		83F4ADC12ACB346D00FB3BB8 /* Frameworks */ = {
			isa = PBXFrameworksBuildPhase;
			buildActionMask = 2147483647;
			files = (
			);
			runOnlyForDeploymentPostprocessing = 0;
		};
/* End PBXFrameworksBuildPhase section */

/* Begin PBXGroup section */
		836249BB2AF583120049FD01 /* BeerTable */ = {
			isa = PBXGroup;
			children = (
				83F4ADAB2ACB346C00FB3BB8 /* ViewController.swift */,
				836249BC2AF583990049FD01 /* BeerDTO.swift */,
				836249BE2AF583C10049FD01 /* BeerService.swift */,
				836249C02AF593E10049FD01 /* BeerTableManager.swift */,
				8322276B2AFE0FD1005FEB98 /* BeerTableView.swift */,
			);
			path = BeerTable;
			sourceTree = "<group>";
		};
		83F4AD9B2ACB346C00FB3BB8 = {
			isa = PBXGroup;
			children = (
				83F4ADA62ACB346C00FB3BB8 /* test_ios */,
				83F4ADBD2ACB346D00FB3BB8 /* test_iosTests */,
				83F4ADC72ACB346D00FB3BB8 /* test_iosUITests */,
				83F4ADA52ACB346C00FB3BB8 /* Products */,
			);
			sourceTree = "<group>";
		};
		83F4ADA52ACB346C00FB3BB8 /* Products */ = {
			isa = PBXGroup;
			children = (
				83F4ADA42ACB346C00FB3BB8 /* test_ios.app */,
				83F4ADBA2ACB346D00FB3BB8 /* test_iosTests.xctest */,
				83F4ADC42ACB346D00FB3BB8 /* test_iosUITests.xctest */,
			);
			name = Products;
			sourceTree = "<group>";
		};
		83F4ADA62ACB346C00FB3BB8 /* test_ios */ = {
			isa = PBXGroup;
			children = (
				836249BB2AF583120049FD01 /* BeerTable */,
				83F4ADA72ACB346C00FB3BB8 /* AppDelegate.swift */,
				83F4ADA92ACB346C00FB3BB8 /* SceneDelegate.swift */,
				83F4ADB02ACB346D00FB3BB8 /* Assets.xcassets */,
				83F4ADB22ACB346D00FB3BB8 /* LaunchScreen.storyboard */,
				83F4ADB52ACB346D00FB3BB8 /* Info.plist */,
			);
			path = test_ios;
			sourceTree = "<group>";
		};
		83F4ADBD2ACB346D00FB3BB8 /* test_iosTests */ = {
			isa = PBXGroup;
			children = (
				83F4ADBE2ACB346D00FB3BB8 /* test_iosTests.swift */,
			);
			path = test_iosTests;
			sourceTree = "<group>";
		};
		83F4ADC72ACB346D00FB3BB8 /* test_iosUITests */ = {
			isa = PBXGroup;
			children = (
				83F4ADC82ACB346D00FB3BB8 /* test_iosUITests.swift */,
				83F4ADCA2ACB346D00FB3BB8 /* test_iosUITestsLaunchTests.swift */,
			);
			path = test_iosUITests;
			sourceTree = "<group>";
		};
/* End PBXGroup section */

/* Begin PBXNativeTarget section */
		83F4ADA32ACB346C00FB3BB8 /* test_ios */ = {
			isa = PBXNativeTarget;
			buildConfigurationList = 83F4ADCE2ACB346D00FB3BB8 /* Build configuration list for PBXNativeTarget "test_ios" */;
			buildPhases = (
				83F4ADA02ACB346C00FB3BB8 /* Sources */,
				83F4ADA12ACB346C00FB3BB8 /* Frameworks */,
				83F4ADA22ACB346C00FB3BB8 /* Resources */,
			);
			buildRules = (
			);
			dependencies = (
			);
			name = test_ios;
			productName = test_ios;
			productReference = 83F4ADA42ACB346C00FB3BB8 /* test_ios.app */;
			productType = "com.apple.product-type.application";
		};
		83F4ADB92ACB346D00FB3BB8 /* test_iosTests */ = {
			isa = PBXNativeTarget;
			buildConfigurationList = 83F4ADD12ACB346D00FB3BB8 /* Build configuration list for PBXNativeTarget "test_iosTests" */;
			buildPhases = (
				83F4ADB62ACB346D00FB3BB8 /* Sources */,
				83F4ADB72ACB346D00FB3BB8 /* Frameworks */,
				83F4ADB82ACB346D00FB3BB8 /* Resources */,
			);
			buildRules = (
			);
			dependencies = (
				83F4ADBC2ACB346D00FB3BB8 /* PBXTargetDependency */,
			);
			name = test_iosTests;
			productName = test_iosTests;
			productReference = 83F4ADBA2ACB346D00FB3BB8 /* test_iosTests.xctest */;
			productType = "com.apple.product-type.bundle.unit-test";
		};
		83F4ADC32ACB346D00FB3BB8 /* test_iosUITests */ = {
			isa = PBXNativeTarget;
			buildConfigurationList = 83F4ADD42ACB346D00FB3BB8 /* Build configuration list for PBXNativeTarget "test_iosUITests" */;
			buildPhases = (
				83F4ADC02ACB346D00FB3BB8 /* Sources */,
				83F4ADC12ACB346D00FB3BB8 /* Frameworks */,
				83F4ADC22ACB346D00FB3BB8 /* Resources */,
			);
			buildRules = (
			);
			dependencies = (
				83F4ADC62ACB346D00FB3BB8 /* PBXTargetDependency */,
			);
			name = test_iosUITests;
			productName = test_iosUITests;
			productReference = 83F4ADC42ACB346D00FB3BB8 /* test_iosUITests.xctest */;
			productType = "com.apple.product-type.bundle.ui-testing";
		};
/* End PBXNativeTarget section */

/* Begin PBXProject section */
		83F4AD9C2ACB346C00FB3BB8 /* Project object */ = {
			isa = PBXProject;
			attributes = {
				BuildIndependentTargetsInParallel = 1;
				LastSwiftUpdateCheck = 1430;
				LastUpgradeCheck = 1430;
				TargetAttributes = {
					83F4ADA32ACB346C00FB3BB8 = {
						CreatedOnToolsVersion = 14.3.1;
					};
					83F4ADB92ACB346D00FB3BB8 = {
						CreatedOnToolsVersion = 14.3.1;
						TestTargetID = 83F4ADA32ACB346C00FB3BB8;
					};
					83F4ADC32ACB346D00FB3BB8 = {
						CreatedOnToolsVersion = 14.3.1;
						TestTargetID = 83F4ADA32ACB346C00FB3BB8;
					};
				};
			};
			buildConfigurationList = 83F4AD9F2ACB346C00FB3BB8 /* Build configuration list for PBXProject "test_ios" */;
			compatibilityVersion = "Xcode 14.0";
			developmentRegion = en;
			hasScannedForEncodings = 0;
			knownRegions = (
				en,
				Base,
			);
			mainGroup = 83F4AD9B2ACB346C00FB3BB8;
			productRefGroup = 83F4ADA52ACB346C00FB3BB8 /* Products */;
			projectDirPath = "";
			projectRoot = "";
			targets = (
				83F4ADA32ACB346C00FB3BB8 /* test_ios */,
				83F4ADB92ACB346D00FB3BB8 /* test_iosTests */,
				83F4ADC32ACB346D00FB3BB8 /* test_iosUITests */,
			);
		};
/* End PBXProject section */

/* Begin PBXResourcesBuildPhase section */
		83F4ADA22ACB346C00FB3BB8 /* Resources */ = {
			isa = PBXResourcesBuildPhase;
			buildActionMask = 2147483647;
			files = (
				83F4ADB42ACB346D00FB3BB8 /* LaunchScreen.storyboard in Resources */,
				83F4ADB12ACB346D00FB3BB8 /* Assets.xcassets in Resources */,
			);
			runOnlyForDeploymentPostprocessing = 0;
		};
		83F4ADB82ACB346D00FB3BB8 /* Resources */ = {
			isa = PBXResourcesBuildPhase;
			buildActionMask = 2147483647;
			files = (
			);
			runOnlyForDeploymentPostprocessing = 0;
		};
		83F4ADC22ACB346D00FB3BB8 /* Resources */ = {
			isa = PBXResourcesBuildPhase;
			buildActionMask = 2147483647;
			files = (
			);
			runOnlyForDeploymentPostprocessing = 0;
		};
/* End PBXResourcesBuildPhase section */

/* Begin PBXSourcesBuildPhase section */
		83F4ADA02ACB346C00FB3BB8 /* Sources */ = {
			isa = PBXSourcesBuildPhase;
			buildActionMask = 2147483647;
			files = (
				83F4ADAC2ACB346C00FB3BB8 /* ViewController.swift in Sources */,
				836249BF2AF583C10049FD01 /* BeerService.swift in Sources */,
				836249C12AF593E10049FD01 /* BeerTableManager.swift in Sources */,
				836249BD2AF583990049FD01 /* BeerDTO.swift in Sources */,
				83F4ADA82ACB346C00FB3BB8 /* AppDelegate.swift in Sources */,
				8322276C2AFE0FD1005FEB98 /* BeerTableView.swift in Sources */,
				83F4ADAA2ACB346C00FB3BB8 /* SceneDelegate.swift in Sources */,
			);
			runOnlyForDeploymentPostprocessing = 0;
		};
		83F4ADB62ACB346D00FB3BB8 /* Sources */ = {
			isa = PBXSourcesBuildPhase;
			buildActionMask = 2147483647;
			files = (
				83F4ADBF2ACB346D00FB3BB8 /* test_iosTests.swift in Sources */,
			);
			runOnlyForDeploymentPostprocessing = 0;
		};
		83F4ADC02ACB346D00FB3BB8 /* Sources */ = {
			isa = PBXSourcesBuildPhase;
			buildActionMask = 2147483647;
			files = (
				83F4ADCB2ACB346D00FB3BB8 /* test_iosUITestsLaunchTests.swift in Sources */,
				83F4ADC92ACB346D00FB3BB8 /* test_iosUITests.swift in Sources */,
			);
			runOnlyForDeploymentPostprocessing = 0;
		};
/* End PBXSourcesBuildPhase section */

/* Begin PBXTargetDependency section */
		83F4ADBC2ACB346D00FB3BB8 /* PBXTargetDependency */ = {
			isa = PBXTargetDependency;
			target = 83F4ADA32ACB346C00FB3BB8 /* test_ios */;
			targetProxy = 83F4ADBB2ACB346D00FB3BB8 /* PBXContainerItemProxy */;
		};
		83F4ADC62ACB346D00FB3BB8 /* PBXTargetDependency */ = {
			isa = PBXTargetDependency;
			target = 83F4ADA32ACB346C00FB3BB8 /* test_ios */;
			targetProxy = 83F4ADC52ACB346D00FB3BB8 /* PBXContainerItemProxy */;
		};
/* End PBXTargetDependency section */

/* Begin PBXVariantGroup section */
		83F4ADB22ACB346D00FB3BB8 /* LaunchScreen.storyboard */ = {
			isa = PBXVariantGroup;
			children = (
				83F4ADB32ACB346D00FB3BB8 /* Base */,
			);
			name = LaunchScreen.storyboard;
			sourceTree = "<group>";
		};
/* End PBXVariantGroup section */

/* Begin XCBuildConfiguration section */
		83F4ADCC2ACB346D00FB3BB8 /* Debug */ = {
			isa = XCBuildConfiguration;
			buildSettings = {
				ALWAYS_SEARCH_USER_PATHS = NO;
				CLANG_ANALYZER_NONNULL = YES;
				CLANG_ANALYZER_NUMBER_OBJECT_CONVERSION = YES_AGGRESSIVE;
				CLANG_CXX_LANGUAGE_STANDARD = "gnu++20";
				CLANG_ENABLE_MODULES = YES;
				CLANG_ENABLE_OBJC_ARC = YES;
				CLANG_ENABLE_OBJC_WEAK = YES;
				CLANG_WARN_BLOCK_CAPTURE_AUTORELEASING = YES;
				CLANG_WARN_BOOL_CONVERSION = YES;
				CLANG_WARN_COMMA = YES;
				CLANG_WARN_CONSTANT_CONVERSION = YES;
				CLANG_WARN_DEPRECATED_OBJC_IMPLEMENTATIONS = YES;
				CLANG_WARN_DIRECT_OBJC_ISA_USAGE = YES_ERROR;
				CLANG_WARN_DOCUMENTATION_COMMENTS = YES;
				CLANG_WARN_EMPTY_BODY = YES;
				CLANG_WARN_ENUM_CONVERSION = YES;
				CLANG_WARN_INFINITE_RECURSION = YES;
				CLANG_WARN_INT_CONVERSION = YES;
				CLANG_WARN_NON_LITERAL_NULL_CONVERSION = YES;
				CLANG_WARN_OBJC_IMPLICIT_RETAIN_SELF = YES;
				CLANG_WARN_OBJC_LITERAL_CONVERSION = YES;
				CLANG_WARN_OBJC_ROOT_CLASS = YES_ERROR;
				CLANG_WARN_QUOTED_INCLUDE_IN_FRAMEWORK_HEADER = YES;
				CLANG_WARN_RANGE_LOOP_ANALYSIS = YES;
				CLANG_WARN_STRICT_PROTOTYPES = YES;
				CLANG_WARN_SUSPICIOUS_MOVE = YES;
				CLANG_WARN_UNGUARDED_AVAILABILITY = YES_AGGRESSIVE;
				CLANG_WARN_UNREACHABLE_CODE = YES;
				CLANG_WARN__DUPLICATE_METHOD_MATCH = YES;
				COPY_PHASE_STRIP = NO;
				DEBUG_INFORMATION_FORMAT = dwarf;
				ENABLE_STRICT_OBJC_MSGSEND = YES;
				ENABLE_TESTABILITY = YES;
				GCC_C_LANGUAGE_STANDARD = gnu11;
				GCC_DYNAMIC_NO_PIC = NO;
				GCC_NO_COMMON_BLOCKS = YES;
				GCC_OPTIMIZATION_LEVEL = 0;
				GCC_PREPROCESSOR_DEFINITIONS = (
					"DEBUG=1",
					"$(inherited)",
				);
				GCC_WARN_64_TO_32_BIT_CONVERSION = YES;
				GCC_WARN_ABOUT_RETURN_TYPE = YES_ERROR;
				GCC_WARN_UNDECLARED_SELECTOR = YES;
				GCC_WARN_UNINITIALIZED_AUTOS = YES_AGGRESSIVE;
				GCC_WARN_UNUSED_FUNCTION = YES;
				GCC_WARN_UNUSED_VARIABLE = YES;
				IPHONEOS_DEPLOYMENT_TARGET = 16.4;
				MTL_ENABLE_DEBUG_INFO = INCLUDE_SOURCE;
				MTL_FAST_MATH = YES;
				ONLY_ACTIVE_ARCH = YES;
				SDKROOT = iphoneos;
				SWIFT_ACTIVE_COMPILATION_CONDITIONS = DEBUG;
				SWIFT_OPTIMIZATION_LEVEL = "-Onone";
			};
			name = Debug;
		};
		83F4ADCD2ACB346D00FB3BB8 /* Release */ = {
			isa = XCBuildConfiguration;
			buildSettings = {
				ALWAYS_SEARCH_USER_PATHS = NO;
				CLANG_ANALYZER_NONNULL = YES;
				CLANG_ANALYZER_NUMBER_OBJECT_CONVERSION = YES_AGGRESSIVE;
				CLANG_CXX_LANGUAGE_STANDARD = "gnu++20";
				CLANG_ENABLE_MODULES = YES;
				CLANG_ENABLE_OBJC_ARC = YES;
				CLANG_ENABLE_OBJC_WEAK = YES;
				CLANG_WARN_BLOCK_CAPTURE_AUTORELEASING = YES;
				CLANG_WARN_BOOL_CONVERSION = YES;
				CLANG_WARN_COMMA = YES;
				CLANG_WARN_CONSTANT_CONVERSION = YES;
				CLANG_WARN_DEPRECATED_OBJC_IMPLEMENTATIONS = YES;
				CLANG_WARN_DIRECT_OBJC_ISA_USAGE = YES_ERROR;
				CLANG_WARN_DOCUMENTATION_COMMENTS = YES;
				CLANG_WARN_EMPTY_BODY = YES;
				CLANG_WARN_ENUM_CONVERSION = YES;
				CLANG_WARN_INFINITE_RECURSION = YES;
				CLANG_WARN_INT_CONVERSION = YES;
				CLANG_WARN_NON_LITERAL_NULL_CONVERSION = YES;
				CLANG_WARN_OBJC_IMPLICIT_RETAIN_SELF = YES;
				CLANG_WARN_OBJC_LITERAL_CONVERSION = YES;
				CLANG_WARN_OBJC_ROOT_CLASS = YES_ERROR;
				CLANG_WARN_QUOTED_INCLUDE_IN_FRAMEWORK_HEADER = YES;
				CLANG_WARN_RANGE_LOOP_ANALYSIS = YES;
				CLANG_WARN_STRICT_PROTOTYPES = YES;
				CLANG_WARN_SUSPICIOUS_MOVE = YES;
				CLANG_WARN_UNGUARDED_AVAILABILITY = YES_AGGRESSIVE;
				CLANG_WARN_UNREACHABLE_CODE = YES;
				CLANG_WARN__DUPLICATE_METHOD_MATCH = YES;
				COPY_PHASE_STRIP = NO;
				DEBUG_INFORMATION_FORMAT = "dwarf-with-dsym";
				ENABLE_NS_ASSERTIONS = NO;
				ENABLE_STRICT_OBJC_MSGSEND = YES;
				GCC_C_LANGUAGE_STANDARD = gnu11;
				GCC_NO_COMMON_BLOCKS = YES;
				GCC_WARN_64_TO_32_BIT_CONVERSION = YES;
				GCC_WARN_ABOUT_RETURN_TYPE = YES_ERROR;
				GCC_WARN_UNDECLARED_SELECTOR = YES;
				GCC_WARN_UNINITIALIZED_AUTOS = YES_AGGRESSIVE;
				GCC_WARN_UNUSED_FUNCTION = YES;
				GCC_WARN_UNUSED_VARIABLE = YES;
				IPHONEOS_DEPLOYMENT_TARGET = 16.4;
				MTL_ENABLE_DEBUG_INFO = NO;
				MTL_FAST_MATH = YES;
				SDKROOT = iphoneos;
				SWIFT_COMPILATION_MODE = wholemodule;
				SWIFT_OPTIMIZATION_LEVEL = "-O";
				VALIDATE_PRODUCT = YES;
			};
			name = Release;
		};
		83F4ADCF2ACB346D00FB3BB8 /* Debug */ = {
			isa = XCBuildConfiguration;
			buildSettings = {
				ASSETCATALOG_COMPILER_APPICON_NAME = AppIcon;
				ASSETCATALOG_COMPILER_GLOBAL_ACCENT_COLOR_NAME = AccentColor;
				CODE_SIGN_STYLE = Automatic;
				CURRENT_PROJECT_VERSION = 1;
				DEVELOPMENT_TEAM = 45U9WXNT34;
				GENERATE_INFOPLIST_FILE = YES;
				INFOPLIST_FILE = test_ios/Info.plist;
				INFOPLIST_KEY_UIApplicationSupportsIndirectInputEvents = YES;
				INFOPLIST_KEY_UILaunchStoryboardName = LaunchScreen;
				INFOPLIST_KEY_UISupportedInterfaceOrientations_iPad = "UIInterfaceOrientationPortrait UIInterfaceOrientationPortraitUpsideDown UIInterfaceOrientationLandscapeLeft UIInterfaceOrientationLandscapeRight";
				INFOPLIST_KEY_UISupportedInterfaceOrientations_iPhone = "UIInterfaceOrientationPortrait UIInterfaceOrientationLandscapeLeft UIInterfaceOrientationLandscapeRight";
				LD_RUNPATH_SEARCH_PATHS = (
					"$(inherited)",
					"@executable_path/Frameworks",
				);
				MARKETING_VERSION = 1.0;
				PRODUCT_BUNDLE_IDENTIFIER = "-.test-ios";
				PRODUCT_NAME = "$(TARGET_NAME)";
				SWIFT_EMIT_LOC_STRINGS = YES;
				SWIFT_VERSION = 5.0;
				TARGETED_DEVICE_FAMILY = "1,2";
			};
			name = Debug;
		};
		83F4ADD02ACB346D00FB3BB8 /* Release */ = {
			isa = XCBuildConfiguration;
			buildSettings = {
				ASSETCATALOG_COMPILER_APPICON_NAME = AppIcon;
				ASSETCATALOG_COMPILER_GLOBAL_ACCENT_COLOR_NAME = AccentColor;
				CODE_SIGN_STYLE = Automatic;
				CURRENT_PROJECT_VERSION = 1;
				DEVELOPMENT_TEAM = 45U9WXNT34;
				GENERATE_INFOPLIST_FILE = YES;
				INFOPLIST_FILE = test_ios/Info.plist;
				INFOPLIST_KEY_UIApplicationSupportsIndirectInputEvents = YES;
				INFOPLIST_KEY_UILaunchStoryboardName = LaunchScreen;
				INFOPLIST_KEY_UISupportedInterfaceOrientations_iPad = "UIInterfaceOrientationPortrait UIInterfaceOrientationPortraitUpsideDown UIInterfaceOrientationLandscapeLeft UIInterfaceOrientationLandscapeRight";
				INFOPLIST_KEY_UISupportedInterfaceOrientations_iPhone = "UIInterfaceOrientationPortrait UIInterfaceOrientationLandscapeLeft UIInterfaceOrientationLandscapeRight";
				LD_RUNPATH_SEARCH_PATHS = (
					"$(inherited)",
					"@executable_path/Frameworks",
				);
				MARKETING_VERSION = 1.0;
				PRODUCT_BUNDLE_IDENTIFIER = "-.test-ios";
				PRODUCT_NAME = "$(TARGET_NAME)";
				SWIFT_EMIT_LOC_STRINGS = YES;
				SWIFT_VERSION = 5.0;
				TARGETED_DEVICE_FAMILY = "1,2";
			};
			name = Release;
		};
		83F4ADD22ACB346D00FB3BB8 /* Debug */ = {
			isa = XCBuildConfiguration;
			buildSettings = {
				ALWAYS_EMBED_SWIFT_STANDARD_LIBRARIES = YES;
				BUNDLE_LOADER = "$(TEST_HOST)";
				CODE_SIGN_STYLE = Automatic;
				CURRENT_PROJECT_VERSION = 1;
				DEVELOPMENT_TEAM = 45U9WXNT34;
				GENERATE_INFOPLIST_FILE = YES;
				IPHONEOS_DEPLOYMENT_TARGET = 16.4;
				MARKETING_VERSION = 1.0;
				PRODUCT_BUNDLE_IDENTIFIER = "-.test-iosTests";
				PRODUCT_NAME = "$(TARGET_NAME)";
				SWIFT_EMIT_LOC_STRINGS = NO;
				SWIFT_VERSION = 5.0;
				TARGETED_DEVICE_FAMILY = "1,2";
				TEST_HOST = "$(BUILT_PRODUCTS_DIR)/test_ios.app/$(BUNDLE_EXECUTABLE_FOLDER_PATH)/test_ios";
			};
			name = Debug;
		};
		83F4ADD32ACB346D00FB3BB8 /* Release */ = {
			isa = XCBuildConfiguration;
			buildSettings = {
				ALWAYS_EMBED_SWIFT_STANDARD_LIBRARIES = YES;
				BUNDLE_LOADER = "$(TEST_HOST)";
				CODE_SIGN_STYLE = Automatic;
				CURRENT_PROJECT_VERSION = 1;
				DEVELOPMENT_TEAM = 45U9WXNT34;
				GENERATE_INFOPLIST_FILE = YES;
				IPHONEOS_DEPLOYMENT_TARGET = 16.4;
				MARKETING_VERSION = 1.0;
				PRODUCT_BUNDLE_IDENTIFIER = "-.test-iosTests";
				PRODUCT_NAME = "$(TARGET_NAME)";
				SWIFT_EMIT_LOC_STRINGS = NO;
				SWIFT_VERSION = 5.0;
				TARGETED_DEVICE_FAMILY = "1,2";
				TEST_HOST = "$(BUILT_PRODUCTS_DIR)/test_ios.app/$(BUNDLE_EXECUTABLE_FOLDER_PATH)/test_ios";
			};
			name = Release;
		};
		83F4ADD52ACB346D00FB3BB8 /* Debug */ = {
			isa = XCBuildConfiguration;
			buildSettings = {
				ALWAYS_EMBED_SWIFT_STANDARD_LIBRARIES = YES;
				CODE_SIGN_STYLE = Automatic;
				CURRENT_PROJECT_VERSION = 1;
				DEVELOPMENT_TEAM = 45U9WXNT34;
				GENERATE_INFOPLIST_FILE = YES;
				MARKETING_VERSION = 1.0;
				PRODUCT_BUNDLE_IDENTIFIER = "-.test-iosUITests";
				PRODUCT_NAME = "$(TARGET_NAME)";
				SWIFT_EMIT_LOC_STRINGS = NO;
				SWIFT_VERSION = 5.0;
				TARGETED_DEVICE_FAMILY = "1,2";
				TEST_TARGET_NAME = test_ios;
			};
			name = Debug;
		};
		83F4ADD62ACB346D00FB3BB8 /* Release */ = {
			isa = XCBuildConfiguration;
			buildSettings = {
				ALWAYS_EMBED_SWIFT_STANDARD_LIBRARIES = YES;
				CODE_SIGN_STYLE = Automatic;
				CURRENT_PROJECT_VERSION = 1;
				DEVELOPMENT_TEAM = 45U9WXNT34;
				GENERATE_INFOPLIST_FILE = YES;
				MARKETING_VERSION = 1.0;
				PRODUCT_BUNDLE_IDENTIFIER = "-.test-iosUITests";
				PRODUCT_NAME = "$(TARGET_NAME)";
				SWIFT_EMIT_LOC_STRINGS = NO;
				SWIFT_VERSION = 5.0;
				TARGETED_DEVICE_FAMILY = "1,2";
				TEST_TARGET_NAME = test_ios;
			};
			name = Release;
		};
/* End XCBuildConfiguration section */

/* Begin XCConfigurationList section */
		83F4AD9F2ACB346C00FB3BB8 /* Build configuration list for PBXProject "test_ios" */ = {
			isa = XCConfigurationList;
			buildConfigurations = (
				83F4ADCC2ACB346D00FB3BB8 /* Debug */,
				83F4ADCD2ACB346D00FB3BB8 /* Release */,
			);
			defaultConfigurationIsVisible = 0;
			defaultConfigurationName = Release;
		};
		83F4ADCE2ACB346D00FB3BB8 /* Build configuration list for PBXNativeTarget "test_ios" */ = {
			isa = XCConfigurationList;
			buildConfigurations = (
				83F4ADCF2ACB346D00FB3BB8 /* Debug */,
				83F4ADD02ACB346D00FB3BB8 /* Release */,
			);
			defaultConfigurationIsVisible = 0;
			defaultConfigurationName = Release;
		};
		83F4ADD12ACB346D00FB3BB8 /* Build configuration list for PBXNativeTarget "test_iosTests" */ = {
			isa = XCConfigurationList;
			buildConfigurations = (
				83F4ADD22ACB346D00FB3BB8 /* Debug */,
				83F4ADD32ACB346D00FB3BB8 /* Release */,
			);
			defaultConfigurationIsVisible = 0;
			defaultConfigurationName = Release;
		};
		83F4ADD42ACB346D00FB3BB8 /* Build configuration list for PBXNativeTarget "test_iosUITests" */ = {
			isa = XCConfigurationList;
			buildConfigurations = (
				83F4ADD52ACB346D00FB3BB8 /* Debug */,
				83F4ADD62ACB346D00FB3BB8 /* Release */,
			);
			defaultConfigurationIsVisible = 0;
			defaultConfigurationName = Release;
		};
/* End XCConfigurationList section */
	};
	rootObject = 83F4AD9C2ACB346C00FB3BB8 /* Project object */;
}
